<?xml version="1.0" encoding="utf-8"?>
<Project ToolsVersion="17.0" xmlns="http://schemas.microsoft.com/developer/msbuild/2003">
  <ItemGroup>
    <CustomBuild Include="C:\Users\semae\OneDrive\Belgeler\GitHub\HydraDragonAntivirus\openedr\edrav2\eprj\log4cplus\build-x86\CMakeFiles\f13e2abda432b4c1f05cc94150892cec\generate.stamp.rule">
      <Filter>CMake Rules</Filter>
    </CustomBuild>
  </ItemGroup>
  <ItemGroup>
    <Filter Include="CMake Rules">
      <UniqueIdentifier>{91CE579A-FCC5-369C-B9A4-004C8A2501D8}</UniqueIdentifier>
    </Filter>
  </ItemGroup>
</Project>
