
Microsoft Visual Studio Solution File, Format Version 12.00
# Visual Studio Version 17
VisualStudioVersion = 17.14.36327.8 d17.14
MinimumVisualStudioVersion = 10.0.40219.1
Project("{FAE04EC0-301F-11D3-BF4B-00C04F79EFBC}") = "HydraDragonClient", "HydraDragonClient\HydraDragonClient.csproj", "{12A14CB7-6ABD-4E20-9744-1EECC68C0B64}"
EndProject
Global
	GlobalSection(SolutionConfigurationPlatforms) = preSolution
		Debug|Any CPU = Debug|Any CPU
		Release|Any CPU = Release|Any CPU
	EndGlobalSection
	GlobalSection(ProjectConfigurationPlatforms) = postSolution
		{12A14CB7-6ABD-4E20-9744-1EECC68C0B64}.Debug|Any CPU.ActiveCfg = Debug|Any CPU
		{12A14CB7-6ABD-4E20-9744-1EECC68C0B64}.Debug|Any CPU.Build.0 = Debug|Any CPU
		{12A14CB7-6ABD-4E20-9744-1EECC68C0B64}.Release|Any CPU.ActiveCfg = Release|Any CPU
		{12A14CB7-6ABD-4E20-9744-1EECC68C0B64}.Release|Any CPU.Build.0 = Release|Any CPU
	EndGlobalSection
	GlobalSection(SolutionProperties) = preSolution
		HideSolutionNode = FALSE
	EndGlobalSection
	GlobalSection(ExtensibilityGlobals) = postSolution
		SolutionGuid = {AC203135-CF4A-4FA7-BB60-EDC8A3546AC3}
	EndGlobalSection
EndGlobal
