
Microsoft Visual Studio Solution File, Format Version 12.00
# Visual Studio Version 17
VisualStudioVersion = 17.14.36408.4 d17.14
MinimumVisualStudioVersion = 10.0.40219.1
Project("{FAE04EC0-301F-11D3-BF4B-00C04F79EFBC}") = "Exorcism-PowershellEdition", "Exorcism-PowershellEdition\Exorcism-PowershellEdition.csproj", "{2185B864-D62D-4B46-BD1B-62BC69F29181}"
EndProject
Global
	GlobalSection(SolutionConfigurationPlatforms) = preSolution
		Debug|Any CPU = Debug|Any CPU
		Release|Any CPU = Release|Any CPU
	EndGlobalSection
	GlobalSection(ProjectConfigurationPlatforms) = postSolution
		{2185B864-D62D-4B46-BD1B-62BC69F29181}.Debug|Any CPU.ActiveCfg = Debug|Any CPU
		{2185B864-D62D-4B46-BD1B-62BC69F29181}.Debug|Any CPU.Build.0 = Debug|Any CPU
		{2185B864-D62D-4B46-BD1B-62BC69F29181}.Release|Any CPU.ActiveCfg = Release|Any CPU
		{2185B864-D62D-4B46-BD1B-62BC69F29181}.Release|Any CPU.Build.0 = Release|Any CPU
	EndGlobalSection
	GlobalSection(SolutionProperties) = preSolution
		HideSolutionNode = FALSE
	EndGlobalSection
	GlobalSection(ExtensibilityGlobals) = postSolution
		SolutionGuid = {DF679415-34B3-4933-A78B-D6903F0002E1}
	EndGlobalSection
EndGlobal
