
Microsoft Visual Studio Solution File, Format Version 12.00
# Visual Studio Version 16
VisualStudioVersion = 16.0.31727.386
MinimumVisualStudioVersion = 10.0.40219.1
Project("{8BC9CEB8-8B4A-11D0-8D11-00A0C91BC942}") = "xvbdc", "xvbdc.vcxproj", "{4BB437D2-6130-4B33-BD70-6131B4C491EB}"
EndProject
Global
	GlobalSection(SolutionConfigurationPlatforms) = preSolution
		Debug|x64 = Debug|x64
		Debug|x86 = Debug|x86
		Release|x64 = Release|x64
		Release|x86 = Release|x86
	EndGlobalSection
	GlobalSection(ProjectConfigurationPlatforms) = postSolution
		{4BB437D2-6130-4B33-BD70-6131B4C491EB}.Debug|x64.ActiveCfg = Debug|x64
		{4BB437D2-6130-4B33-BD70-6131B4C491EB}.Debug|x64.Build.0 = Debug|x64
		{4BB437D2-6130-4B33-BD70-6131B4C491EB}.Debug|x86.ActiveCfg = Debug|Win32
		{4BB437D2-6130-4B33-BD70-6131B4C491EB}.Debug|x86.Build.0 = Debug|Win32
		{4BB437D2-6130-4B33-BD70-6131B4C491EB}.Release|x64.ActiveCfg = Release|x64
		{4BB437D2-6130-4B33-BD70-6131B4C491EB}.Release|x64.Build.0 = Release|x64
		{4BB437D2-6130-4B33-BD70-6131B4C491EB}.Release|x86.ActiveCfg = Release|Win32
		{4BB437D2-6130-4B33-BD70-6131B4C491EB}.Release|x86.Build.0 = Release|Win32
	EndGlobalSection
	GlobalSection(SolutionProperties) = preSolution
		HideSolutionNode = FALSE
	EndGlobalSection
	GlobalSection(ExtensibilityGlobals) = postSolution
		SolutionGuid = {C7B73751-3C79-4487-BDAC-775522402091}
	EndGlobalSection
EndGlobal
