
Microsoft Visual Studio Solution File, Format Version 12.00
# Visual Studio Version 17
Project("{8BC9CEB8-8B4A-11D0-8D11-00A0C91BC942}") = "ALL_BUILD", "ALL_BUILD.vcxproj", "{DAA1D6DE-70A9-32CE-968C-FA8AF0FA53C0}"
	ProjectSection(ProjectDependencies) = postProject
		{88E0EC4D-63C9-3969-AAAE-46E6FDBFC4F3} = {88E0EC4D-63C9-3969-AAAE-46E6FDBFC4F3}
		{F00063B1-C1D8-3978-99C0-61E0324A1B4B} = {F00063B1-C1D8-3978-99C0-61E0324A1B4B}
	EndProjectSection
EndProject
Project("{8BC9CEB8-8B4A-11D0-8D11-00A0C91BC942}") = "INSTALL", "INSTALL.vcxproj", "{9C77412F-EE72-38D7-9F67-A0223FF9823B}"
	ProjectSection(ProjectDependencies) = postProject
		{DAA1D6DE-70A9-32CE-968C-FA8AF0FA53C0} = {DAA1D6DE-70A9-32CE-968C-FA8AF0FA53C0}
		{88E0EC4D-63C9-3969-AAAE-46E6FDBFC4F3} = {88E0EC4D-63C9-3969-AAAE-46E6FDBFC4F3}
	EndProjectSection
EndProject
Project("{8BC9CEB8-8B4A-11D0-8D11-00A0C91BC942}") = "ZERO_CHECK", "ZERO_CHECK.vcxproj", "{88E0EC4D-63C9-3969-AAAE-46E6FDBFC4F3}"
	ProjectSection(ProjectDependencies) = postProject
	EndProjectSection
EndProject
Project("{8BC9CEB8-8B4A-11D0-8D11-00A0C91BC942}") = "network-uri", "src\network-uri.vcxproj", "{F00063B1-C1D8-3978-99C0-61E0324A1B4B}"
	ProjectSection(ProjectDependencies) = postProject
		{88E0EC4D-63C9-3969-AAAE-46E6FDBFC4F3} = {88E0EC4D-63C9-3969-AAAE-46E6FDBFC4F3}
	EndProjectSection
EndProject
Global
	GlobalSection(SolutionConfigurationPlatforms) = preSolution
		Debug|Win32 = Debug|Win32
		Release|Win32 = Release|Win32
		MinSizeRel|Win32 = MinSizeRel|Win32
		RelWithDebInfo|Win32 = RelWithDebInfo|Win32
	EndGlobalSection
	GlobalSection(ProjectConfigurationPlatforms) = postSolution
		{DAA1D6DE-70A9-32CE-968C-FA8AF0FA53C0}.Debug|Win32.ActiveCfg = Debug|Win32
		{DAA1D6DE-70A9-32CE-968C-FA8AF0FA53C0}.Debug|Win32.Build.0 = Debug|Win32
		{DAA1D6DE-70A9-32CE-968C-FA8AF0FA53C0}.Release|Win32.ActiveCfg = Release|Win32
		{DAA1D6DE-70A9-32CE-968C-FA8AF0FA53C0}.Release|Win32.Build.0 = Release|Win32
		{DAA1D6DE-70A9-32CE-968C-FA8AF0FA53C0}.MinSizeRel|Win32.ActiveCfg = MinSizeRel|Win32
		{DAA1D6DE-70A9-32CE-968C-FA8AF0FA53C0}.MinSizeRel|Win32.Build.0 = MinSizeRel|Win32
		{DAA1D6DE-70A9-32CE-968C-FA8AF0FA53C0}.RelWithDebInfo|Win32.ActiveCfg = RelWithDebInfo|Win32
		{DAA1D6DE-70A9-32CE-968C-FA8AF0FA53C0}.RelWithDebInfo|Win32.Build.0 = RelWithDebInfo|Win32
		{9C77412F-EE72-38D7-9F67-A0223FF9823B}.Debug|Win32.ActiveCfg = Debug|Win32
		{9C77412F-EE72-38D7-9F67-A0223FF9823B}.Release|Win32.ActiveCfg = Release|Win32
		{9C77412F-EE72-38D7-9F67-A0223FF9823B}.MinSizeRel|Win32.ActiveCfg = MinSizeRel|Win32
		{9C77412F-EE72-38D7-9F67-A0223FF9823B}.RelWithDebInfo|Win32.ActiveCfg = RelWithDebInfo|Win32
		{88E0EC4D-63C9-3969-AAAE-46E6FDBFC4F3}.Debug|Win32.ActiveCfg = Debug|Win32
		{88E0EC4D-63C9-3969-AAAE-46E6FDBFC4F3}.Debug|Win32.Build.0 = Debug|Win32
		{88E0EC4D-63C9-3969-AAAE-46E6FDBFC4F3}.Release|Win32.ActiveCfg = Release|Win32
		{88E0EC4D-63C9-3969-AAAE-46E6FDBFC4F3}.Release|Win32.Build.0 = Release|Win32
		{88E0EC4D-63C9-3969-AAAE-46E6FDBFC4F3}.MinSizeRel|Win32.ActiveCfg = MinSizeRel|Win32
		{88E0EC4D-63C9-3969-AAAE-46E6FDBFC4F3}.MinSizeRel|Win32.Build.0 = MinSizeRel|Win32
		{88E0EC4D-63C9-3969-AAAE-46E6FDBFC4F3}.RelWithDebInfo|Win32.ActiveCfg = RelWithDebInfo|Win32
		{88E0EC4D-63C9-3969-AAAE-46E6FDBFC4F3}.RelWithDebInfo|Win32.Build.0 = RelWithDebInfo|Win32
		{F00063B1-C1D8-3978-99C0-61E0324A1B4B}.Debug|Win32.ActiveCfg = Debug|Win32
		{F00063B1-C1D8-3978-99C0-61E0324A1B4B}.Debug|Win32.Build.0 = Debug|Win32
		{F00063B1-C1D8-3978-99C0-61E0324A1B4B}.Release|Win32.ActiveCfg = Release|Win32
		{F00063B1-C1D8-3978-99C0-61E0324A1B4B}.Release|Win32.Build.0 = Release|Win32
		{F00063B1-C1D8-3978-99C0-61E0324A1B4B}.MinSizeRel|Win32.ActiveCfg = MinSizeRel|Win32
		{F00063B1-C1D8-3978-99C0-61E0324A1B4B}.MinSizeRel|Win32.Build.0 = MinSizeRel|Win32
		{F00063B1-C1D8-3978-99C0-61E0324A1B4B}.RelWithDebInfo|Win32.ActiveCfg = RelWithDebInfo|Win32
		{F00063B1-C1D8-3978-99C0-61E0324A1B4B}.RelWithDebInfo|Win32.Build.0 = RelWithDebInfo|Win32
	EndGlobalSection
	GlobalSection(ExtensibilityGlobals) = postSolution
		SolutionGuid = {4BBB7823-5AB5-3B77-965A-66C827D959FE}
	EndGlobalSection
	GlobalSection(ExtensibilityAddIns) = postSolution
	EndGlobalSection
EndGlobal
