<?xml version="1.0" encoding="utf-8"?>
<Project ToolsVersion="17.0" xmlns="http://schemas.microsoft.com/developer/msbuild/2003">
  <ItemGroup>
    <CustomBuild Include="C:\Users\semae\OneDrive\Belgeler\GitHub\HydraDragonAntivirus\openedr\edrav2\eprj\uri\build-x86\CMakeFiles\625608f386c6dd3f8d1293744f37a826\generate.stamp.rule">
      <Filter>CMake Rules</Filter>
    </CustomBuild>
  </ItemGroup>
  <ItemGroup>
    <Filter Include="CMake Rules">
      <UniqueIdentifier>{8AC10AD9-55F4-3C05-B5A3-DE9A4FD895BF}</UniqueIdentifier>
    </Filter>
  </ItemGroup>
</Project>
