
Microsoft Visual Studio Solution File, Format Version 9.00
# Visual Studio 2005
Project("{8BC9CEB8-8B4A-11D0-8D11-00A0C91BC942}") = "zslib", "zslib\zslib.vcproj", "{498CF666-10E1-4995-BE28-141E708C5279}"
EndProject
Project("{8BC9CEB8-8B4A-11D0-8D11-00A0C91BC942}") = "test", "test\test.vcproj", "{488992CE-ECF0-4358-B3C1-9B119CC7E9BA}"
	ProjectSection(ProjectDependencies) = postProject
		{498CF666-10E1-4995-BE28-141E708C5279} = {498CF666-10E1-4995-BE28-141E708C5279}
	EndProjectSection
EndProject
Global
	GlobalSection(SolutionConfigurationPlatforms) = preSolution
		Debug|Win32 = Debug|Win32
		Release|Win32 = Release|Win32
	EndGlobalSection
	GlobalSection(ProjectConfigurationPlatforms) = postSolution
		{498CF666-10E1-4995-BE28-141E708C5279}.Debug|Win32.ActiveCfg = Debug|Win32
		{498CF666-10E1-4995-BE28-141E708C5279}.Debug|Win32.Build.0 = Debug|Win32
		{498CF666-10E1-4995-BE28-141E708C5279}.Release|Win32.ActiveCfg = Release|Win32
		{498CF666-10E1-4995-BE28-141E708C5279}.Release|Win32.Build.0 = Release|Win32
		{488992CE-ECF0-4358-B3C1-9B119CC7E9BA}.Debug|Win32.ActiveCfg = Debug|Win32
		{488992CE-ECF0-4358-B3C1-9B119CC7E9BA}.Debug|Win32.Build.0 = Debug|Win32
		{488992CE-ECF0-4358-B3C1-9B119CC7E9BA}.Release|Win32.ActiveCfg = Release|Win32
	EndGlobalSection
	GlobalSection(SolutionProperties) = preSolution
		HideSolutionNode = FALSE
	EndGlobalSection
EndGlobal
