{
  "version": 3,
  "targets": {
    "net8.0/win-x64": {
      "ilspycmd/8.2.0.7535": {
        "type": "package",
        "tools": {
          "tools/net6.0/any/DotnetToolSettings.xml": {},
          "tools/net6.0/any/ICSharpCode.Decompiler.dll": {},
          "tools/net6.0/any/ICSharpCode.Decompiler.xml": {},
          "tools/net6.0/any/ICSharpCode.ILSpyX.dll": {},
          "tools/net6.0/any/K4os.Compression.LZ4.dll": {},
          "tools/net6.0/any/McMaster.Extensions.CommandLineUtils.dll": {},
          "tools/net6.0/any/McMaster.Extensions.Hosting.CommandLine.dll": {},
          "tools/net6.0/any/Microsoft.Extensions.Configuration.Abstractions.dll": {},
          "tools/net6.0/any/Microsoft.Extensions.Configuration.Binder.dll": {},
          "tools/net6.0/any/Microsoft.Extensions.Configuration.CommandLine.dll": {},
          "tools/net6.0/any/Microsoft.Extensions.Configuration.EnvironmentVariables.dll": {},
          "tools/net6.0/any/Microsoft.Extensions.Configuration.FileExtensions.dll": {},
          "tools/net6.0/any/Microsoft.Extensions.Configuration.Json.dll": {},
          "tools/net6.0/any/Microsoft.Extensions.Configuration.UserSecrets.dll": {},
          "tools/net6.0/any/Microsoft.Extensions.Configuration.dll": {},
          "tools/net6.0/any/Microsoft.Extensions.DependencyInjection.Abstractions.dll": {},
          "tools/net6.0/any/Microsoft.Extensions.DependencyInjection.dll": {},
          "tools/net6.0/any/Microsoft.Extensions.FileProviders.Abstractions.dll": {},
          "tools/net6.0/any/Microsoft.Extensions.FileProviders.Physical.dll": {},
          "tools/net6.0/any/Microsoft.Extensions.FileSystemGlobbing.dll": {},
          "tools/net6.0/any/Microsoft.Extensions.Hosting.Abstractions.dll": {},
          "tools/net6.0/any/Microsoft.Extensions.Hosting.dll": {},
          "tools/net6.0/any/Microsoft.Extensions.Logging.Abstractions.dll": {},
          "tools/net6.0/any/Microsoft.Extensions.Logging.Configuration.dll": {},
          "tools/net6.0/any/Microsoft.Extensions.Logging.Console.dll": {},
          "tools/net6.0/any/Microsoft.Extensions.Logging.Debug.dll": {},
          "tools/net6.0/any/Microsoft.Extensions.Logging.EventLog.dll": {},
          "tools/net6.0/any/Microsoft.Extensions.Logging.EventSource.dll": {},
          "tools/net6.0/any/Microsoft.Extensions.Logging.dll": {},
          "tools/net6.0/any/Microsoft.Extensions.Options.ConfigurationExtensions.dll": {},
          "tools/net6.0/any/Microsoft.Extensions.Options.dll": {},
          "tools/net6.0/any/Microsoft.Extensions.Primitives.dll": {},
          "tools/net6.0/any/Mono.Cecil.Mdb.dll": {},
          "tools/net6.0/any/Mono.Cecil.Pdb.dll": {},
          "tools/net6.0/any/Mono.Cecil.Rocks.dll": {},
          "tools/net6.0/any/Mono.Cecil.dll": {},
          "tools/net6.0/any/Newtonsoft.Json.dll": {},
          "tools/net6.0/any/NuGet.Common.dll": {},
          "tools/net6.0/any/NuGet.Configuration.dll": {},
          "tools/net6.0/any/NuGet.Frameworks.dll": {},
          "tools/net6.0/any/NuGet.Packaging.dll": {},
          "tools/net6.0/any/NuGet.Protocol.dll": {},
          "tools/net6.0/any/NuGet.Versioning.dll": {},
          "tools/net6.0/any/System.Collections.Immutable.dll": {},
          "tools/net6.0/any/System.Composition.AttributedModel.dll": {},
          "tools/net6.0/any/System.Composition.Convention.dll": {},
          "tools/net6.0/any/System.Composition.Hosting.dll": {},
          "tools/net6.0/any/System.Composition.Runtime.dll": {},
          "tools/net6.0/any/System.Composition.TypedParts.dll": {},
          "tools/net6.0/any/System.Diagnostics.EventLog.dll": {},
          "tools/net6.0/any/System.Reflection.Metadata.dll": {},
          "tools/net6.0/any/System.Security.Cryptography.Pkcs.dll": {},
          "tools/net6.0/any/System.Security.Cryptography.ProtectedData.dll": {},
          "tools/net6.0/any/ilspycmd.deps.json": {},
          "tools/net6.0/any/ilspycmd.dll": {},
          "tools/net6.0/any/ilspycmd.pdb": {},
          "tools/net6.0/any/ilspycmd.runtimeconfig.json": {},
          "tools/net6.0/any/runtimes/win/lib/net6.0/System.Diagnostics.EventLog.Messages.dll": {},
          "tools/net6.0/any/runtimes/win/lib/net6.0/System.Diagnostics.EventLog.dll": {},
          "tools/net6.0/any/runtimes/win/lib/netcoreapp3.0/System.Security.Cryptography.Pkcs.dll": {},
          "tools/net6.0/any/runtimes/win/lib/netstandard2.0/System.Security.Cryptography.ProtectedData.dll": {}
        }
      }
    }
  },
  "libraries": {},
  "projectFileDependencyGroups": {}
}