
Microsoft Visual Studio Solution File, Format Version 12.00
# Visual Studio Version 17
VisualStudioVersion = 17.14.36327.8 d17.14
MinimumVisualStudioVersion = 10.0.40219.1
Project("{FAE04EC0-301F-11D3-BF4B-00C04F79EFBC}") = "HydraDragonAntivirusLauncher", "HydraDragonAntivirusLauncher\HydraDragonAntivirusLauncher.csproj", "{76AA3076-09E9-4A38-9323-D27D0482F518}"
EndProject
Global
	GlobalSection(SolutionConfigurationPlatforms) = preSolution
		Debug|Any CPU = Debug|Any CPU
		Release|Any CPU = Release|Any CPU
	EndGlobalSection
	GlobalSection(ProjectConfigurationPlatforms) = postSolution
		{76AA3076-09E9-4A38-9323-D27D0482F518}.Debug|Any CPU.ActiveCfg = Debug|Any CPU
		{76AA3076-09E9-4A38-9323-D27D0482F518}.Debug|Any CPU.Build.0 = Debug|Any CPU
		{76AA3076-09E9-4A38-9323-D27D0482F518}.Release|Any CPU.ActiveCfg = Release|Any CPU
		{76AA3076-09E9-4A38-9323-D27D0482F518}.Release|Any CPU.Build.0 = Release|Any CPU
	EndGlobalSection
	GlobalSection(SolutionProperties) = preSolution
		HideSolutionNode = FALSE
	EndGlobalSection
	GlobalSection(ExtensibilityGlobals) = postSolution
		SolutionGuid = {3A96B910-9683-45EA-834E-7A40B8E47243}
	EndGlobalSection
EndGlobal
