<?xml version="1.0" encoding="utf-8"?>
<Project ToolsVersion="17.0" xmlns="http://schemas.microsoft.com/developer/msbuild/2003">
  <ItemGroup>
    <CustomBuild Include="C:\Users\semae\OneDrive\Belgeler\GitHub\HydraDragonAntivirus\openedr\edrav2\eprj\uri\build-x64\CMakeFiles\65bffc768f4a0dfd179a8c70c7c4e0f5\INSTALL_force.rule">
      <Filter>CMake Rules</Filter>
    </CustomBuild>
  </ItemGroup>
  <ItemGroup>
    <Filter Include="CMake Rules">
      <UniqueIdentifier>{22BB8059-DC0E-32DF-834D-219B24DCEE6B}</UniqueIdentifier>
    </Filter>
  </ItemGroup>
</Project>
