<?xml version="1.0" encoding="utf-8"?>
<Project ToolsVersion="17.0" xmlns="http://schemas.microsoft.com/developer/msbuild/2003">
  <ItemGroup>
    <ClCompile Include="C:\Users\semae\OneDrive\Belgeler\GitHub\HydraDragonAntivirus\openedr\edrav2\eprj\uri\src\uri.cpp">
      <Filter>Source Files</Filter>
    </ClCompile>
    <ClCompile Include="C:\Users\semae\OneDrive\Belgeler\GitHub\HydraDragonAntivirus\openedr\edrav2\eprj\uri\src\uri_builder.cpp">
      <Filter>Source Files</Filter>
    </ClCompile>
    <ClCompile Include="C:\Users\semae\OneDrive\Belgeler\GitHub\HydraDragonAntivirus\openedr\edrav2\eprj\uri\src\uri_errors.cpp">
      <Filter>Source Files</Filter>
    </ClCompile>
    <ClCompile Include="C:\Users\semae\OneDrive\Belgeler\GitHub\HydraDragonAntivirus\openedr\edrav2\eprj\uri\src\detail\uri_parse.cpp">
      <Filter>Source Files</Filter>
    </ClCompile>
    <ClCompile Include="C:\Users\semae\OneDrive\Belgeler\GitHub\HydraDragonAntivirus\openedr\edrav2\eprj\uri\src\detail\uri_parse_authority.cpp">
      <Filter>Source Files</Filter>
    </ClCompile>
    <ClCompile Include="C:\Users\semae\OneDrive\Belgeler\GitHub\HydraDragonAntivirus\openedr\edrav2\eprj\uri\src\detail\uri_advance_parts.cpp">
      <Filter>Source Files</Filter>
    </ClCompile>
    <ClCompile Include="C:\Users\semae\OneDrive\Belgeler\GitHub\HydraDragonAntivirus\openedr\edrav2\eprj\uri\src\detail\uri_normalize.cpp">
      <Filter>Source Files</Filter>
    </ClCompile>
    <ClCompile Include="C:\Users\semae\OneDrive\Belgeler\GitHub\HydraDragonAntivirus\openedr\edrav2\eprj\uri\src\detail\uri_resolve.cpp">
      <Filter>Source Files</Filter>
    </ClCompile>
  </ItemGroup>
  <ItemGroup>
    <CustomBuild Include="C:\Users\semae\OneDrive\Belgeler\GitHub\HydraDragonAntivirus\openedr\edrav2\eprj\uri\src\CMakeLists.txt" />
  </ItemGroup>
  <ItemGroup>
    <Filter Include="Source Files">
      <UniqueIdentifier>{ADFF3556-B72B-3FF7-A1DB-E048F745AAAC}</UniqueIdentifier>
    </Filter>
  </ItemGroup>
</Project>
