
Microsoft Visual Studio Solution File, Format Version 12.00
# Visual Studio Version 17
VisualStudioVersion = 17.14.36327.8 d17.14
MinimumVisualStudioVersion = 10.0.40219.1
Project("{FAE04EC0-301F-11D3-BF4B-00C04F79EFBC}") = "HydraDragonAntivirusTaskScheduler", "HydraDragonAntivirusTaskScheduler\HydraDragonAntivirusTaskScheduler.csproj", "{B1A242B8-023E-43F5-9885-944DF4972C7D}"
EndProject
Global
	GlobalSection(SolutionConfigurationPlatforms) = preSolution
		Debug|Any CPU = Debug|Any CPU
		Release|Any CPU = Release|Any CPU
	EndGlobalSection
	GlobalSection(ProjectConfigurationPlatforms) = postSolution
		{B1A242B8-023E-43F5-9885-944DF4972C7D}.Debug|Any CPU.ActiveCfg = Debug|Any CPU
		{B1A242B8-023E-43F5-9885-944DF4972C7D}.Debug|Any CPU.Build.0 = Debug|Any CPU
		{B1A242B8-023E-43F5-9885-944DF4972C7D}.Release|Any CPU.ActiveCfg = Release|Any CPU
		{B1A242B8-023E-43F5-9885-944DF4972C7D}.Release|Any CPU.Build.0 = Release|Any CPU
	EndGlobalSection
	GlobalSection(SolutionProperties) = preSolution
		HideSolutionNode = FALSE
	EndGlobalSection
	GlobalSection(ExtensibilityGlobals) = postSolution
		SolutionGuid = {1E9CBF9F-D133-4E1A-A78F-5D94DC0E39B3}
	EndGlobalSection
EndGlobal
