# This file is automatically @generated by Cargo.
# It is not intended for manual editing.
version = 4

[[package]]
name = "RustWindowsToast"
version = "0.1.0"
dependencies = [
 "win-toast-notify",
]

[[package]]
name = "win-toast-notify"
version = "0.1.6"
source = "registry+https://github.com/rust-lang/crates.io-index"
checksum = "c0d4ecaca3762ae6cd7bd96f3c3822ac28a9133e9ce0a5e6c1923b205e0f8a37"
dependencies = [
 "xml",
]

[[package]]
name = "xml"
version = "0.8.20"
source = "registry+https://github.com/rust-lang/crates.io-index"
checksum = "ede1c99c55b4b3ad0349018ef0eccbe954ce9c342334410707ee87177fcf2ab4"
dependencies = [
 "xml-rs",
]

[[package]]
name = "xml-rs"
version = "0.8.29"
source = "registry+https://github.com/rust-lang/crates.io-index"
checksum = "e450f9b2ed1dff33c94c12589a87338689467b9c4f5d8a5710bd09a847d2c8a7"
