
Microsoft Visual Studio Solution File, Format Version 12.00
# Visual Studio Version 17
VisualStudioVersion = 17.13.35913.81 d17.13
MinimumVisualStudioVersion = 10.0.40219.1
Project("{FAE04EC0-301F-11D3-BF4B-00C04F79EFBC}") = "HydraDragonAntivirusGUI", "HydraDragonAntivirusGUI\HydraDragonAntivirusGUI.csproj", "{620C3C8D-9226-4F7F-8691-E95F2A7C0265}"
EndProject
Global
	GlobalSection(SolutionConfigurationPlatforms) = preSolution
		Debug|Any CPU = Debug|Any CPU
		Release|Any CPU = Release|Any CPU
	EndGlobalSection
	GlobalSection(ProjectConfigurationPlatforms) = postSolution
		{620C3C8D-9226-4F7F-8691-E95F2A7C0265}.Debug|Any CPU.ActiveCfg = Debug|Any CPU
		{620C3C8D-9226-4F7F-8691-E95F2A7C0265}.Debug|Any CPU.Build.0 = Debug|Any CPU
		{620C3C8D-9226-4F7F-8691-E95F2A7C0265}.Release|Any CPU.ActiveCfg = Release|Any CPU
		{620C3C8D-9226-4F7F-8691-E95F2A7C0265}.Release|Any CPU.Build.0 = Release|Any CPU
	EndGlobalSection
	GlobalSection(SolutionProperties) = preSolution
		HideSolutionNode = FALSE
	EndGlobalSection
	GlobalSection(ExtensibilityGlobals) = postSolution
		SolutionGuid = {7EAE5956-4BA7-4A1C-829F-B553E5E97815}
	EndGlobalSection
EndGlobal
