# This file is automatically @generated by Cargo.
# It is not intended for manual editing.
version = 4

[[package]]
name = "aya-ebpf"
version = "0.1.0"
source = "git+https://github.com/aya-rs/aya?rev=8015e100796c550804ccf8fea691c63ec1ac36b8#8015e100796c550804ccf8fea691c63ec1ac36b8"
dependencies = [
 "aya-ebpf-bindings",
 "aya-ebpf-cty",
 "aya-ebpf-macros",
 "rustversion",
]

[[package]]
name = "aya-ebpf-bindings"
version = "0.1.0"
source = "git+https://github.com/aya-rs/aya?rev=8015e100796c550804ccf8fea691c63ec1ac36b8#8015e100796c550804ccf8fea691c63ec1ac36b8"
dependencies = [
 "aya-ebpf-cty",
]

[[package]]
name = "aya-ebpf-cty"
version = "0.2.1"
source = "git+https://github.com/aya-rs/aya?rev=8015e100796c550804ccf8fea691c63ec1ac36b8#8015e100796c550804ccf8fea691c63ec1ac36b8"

[[package]]
name = "aya-ebpf-macros"
version = "0.1.0"
source = "git+https://github.com/aya-rs/aya?rev=8015e100796c550804ccf8fea691c63ec1ac36b8#8015e100796c550804ccf8fea691c63ec1ac36b8"
dependencies = [
 "proc-macro-error",
 "proc-macro2",
 "quote",
 "syn",
]

[[package]]
name = "aya-log-common"
version = "0.1.14"
source = "git+https://github.com/aya-rs/aya?rev=8015e100796c550804ccf8fea691c63ec1ac36b8#8015e100796c550804ccf8fea691c63ec1ac36b8"
dependencies = [
 "num_enum",
]

[[package]]
name = "aya-log-ebpf"
version = "0.1.0"
source = "git+https://github.com/aya-rs/aya?rev=8015e100796c550804ccf8fea691c63ec1ac36b8#8015e100796c550804ccf8fea691c63ec1ac36b8"
dependencies = [
 "aya-ebpf",
 "aya-log-common",
 "aya-log-ebpf-macros",
]

[[package]]
name = "aya-log-ebpf-macros"
version = "0.1.0"
source = "git+https://github.com/aya-rs/aya?rev=8015e100796c550804ccf8fea691c63ec1ac36b8#8015e100796c550804ccf8fea691c63ec1ac36b8"
dependencies = [
 "aya-log-common",
 "aya-log-parser",
 "proc-macro2",
 "quote",
 "syn",
]

[[package]]
name = "aya-log-parser"
version = "0.1.13"
source = "git+https://github.com/aya-rs/aya?rev=8015e100796c550804ccf8fea691c63ec1ac36b8#8015e100796c550804ccf8fea691c63ec1ac36b8"
dependencies = [
 "aya-log-common",
]

[[package]]
name = "bytemuck"
version = "1.25.0"
source = "registry+https://github.com/rust-lang/crates.io-index"
checksum = "c8efb64bd706a16a1bdde310ae86b351e4d21550d98d056f22f8a7f7a2183fec"

[[package]]
name = "ebpf-monitor-common"
version = "0.1.0"
dependencies = [
 "bytemuck",
]

[[package]]
name = "ebpf-monitor-ebpf"
version = "0.1.0"
dependencies = [
 "aya-ebpf",
 "aya-log-ebpf",
 "ebpf-monitor-common",
]

[[package]]
name = "num_enum"
version = "0.7.6"
source = "registry+https://github.com/rust-lang/crates.io-index"
checksum = "5d0bca838442ec211fa11de3a8b0e0e8f3a4522575b5c4c06ed722e005036f26"
dependencies = [
 "num_enum_derive",
 "rustversion",
]

[[package]]
name = "num_enum_derive"
version = "0.7.6"
source = "registry+https://github.com/rust-lang/crates.io-index"
checksum = "680998035259dcfcafe653688bf2aa6d3e2dc05e98be6ab46afb089dc84f1df8"
dependencies = [
 "proc-macro2",
 "quote",
 "syn",
]

[[package]]
name = "proc-macro-error"
version = "1.0.4"
source = "registry+https://github.com/rust-lang/crates.io-index"
checksum = "da25490ff9892aab3fcf7c36f08cfb902dd3e71ca0f9f9517bea02a73a5ce38c"
dependencies = [
 "proc-macro-error-attr",
 "proc-macro2",
 "quote",
 "version_check",
]

[[package]]
name = "proc-macro-error-attr"
version = "1.0.4"
source = "registry+https://github.com/rust-lang/crates.io-index"
checksum = "a1be40180e52ecc98ad80b184934baf3d0d29f979574e439af5a55274b35f869"
dependencies = [
 "proc-macro2",
 "quote",
 "version_check",
]

[[package]]
name = "proc-macro2"
version = "1.0.106"
source = "registry+https://github.com/rust-lang/crates.io-index"
checksum = "8fd00f0bb2e90d81d1044c2b32617f68fcb9fa3bb7640c23e9c748e53fb30934"
dependencies = [
 "unicode-ident",
]

[[package]]
name = "quote"
version = "1.0.45"
source = "registry+https://github.com/rust-lang/crates.io-index"
checksum = "41f2619966050689382d2b44f664f4bc593e129785a36d6ee376ddf37259b924"
dependencies = [
 "proc-macro2",
]

[[package]]
name = "rustversion"
version = "1.0.22"
source = "registry+https://github.com/rust-lang/crates.io-index"
checksum = "b39cdef0fa800fc44525c84ccb54a029961a8215f9619753635a9c0d2538d46d"

[[package]]
name = "syn"
version = "2.0.117"
source = "registry+https://github.com/rust-lang/crates.io-index"
checksum = "e665b8803e7b1d2a727f4023456bbbbe74da67099c585258af0ad9c5013b9b99"
dependencies = [
 "proc-macro2",
 "quote",
 "unicode-ident",
]

[[package]]
name = "unicode-ident"
version = "1.0.24"
source = "registry+https://github.com/rust-lang/crates.io-index"
checksum = "e6e4313cd5fcd3dad5cafa179702e2b244f760991f45397d14d4ebf38247da75"

[[package]]
name = "version_check"
version = "0.9.5"
source = "registry+https://github.com/rust-lang/crates.io-index"
checksum = "0b928f33d975fc6ad9f86c8f283853ad26bdd5b10b7f1542aa2fa15e2289105a"
