Microsoft Visual Studio Solution File, Format Version 12.00
# Visual Studio Version 17
VisualStudioVersion = 17.14.36327.8
MinimumVisualStudioVersion = 10.0.40219.1
Project("{9A19103F-16F7-4668-BE54-9A1E7A4F7556}") = "MegaDumper", "MegaDumper\MegaDumper.csproj", "{5FF5C138-ED9E-4120-B787-B8300AEE2EB0}"
EndProject
Global
	GlobalSection(SolutionConfigurationPlatforms) = preSolution
		Debug|Any CPU = Debug|Any CPU
		Debug|x64 = Debug|x64
		Debug|x86 = Debug|x86
		Release|Any CPU = Release|Any CPU
		Release|x64 = Release|x64
		Release|x86 = Release|x86
	EndGlobalSection
	GlobalSection(ProjectConfigurationPlatforms) = postSolution
		{5FF5C138-ED9E-4120-B787-B8300AEE2EB0}.Debug|Any CPU.ActiveCfg = Debug|Any CPU
		{5FF5C138-ED9E-4120-B787-B8300AEE2EB0}.Debug|Any CPU.Build.0 = Debug|Any CPU
		{5FF5C138-ED9E-4120-B787-B8300AEE2EB0}.Debug|x64.ActiveCfg = Debug|Any CPU
		{5FF5C138-ED9E-4120-B787-B8300AEE2EB0}.Debug|x64.Build.0 = Debug|Any CPU
		{5FF5C138-ED9E-4120-B787-B8300AEE2EB0}.Debug|x86.ActiveCfg = Debug|Any CPU
		{5FF5C138-ED9E-4120-B787-B8300AEE2EB0}.Debug|x86.Build.0 = Debug|Any CPU
		{5FF5C138-ED9E-4120-B787-B8300AEE2EB0}.Release|Any CPU.ActiveCfg = Release|Any CPU
		{5FF5C138-ED9E-4120-B787-B8300AEE2EB0}.Release|Any CPU.Build.0 = Release|Any CPU
		{5FF5C138-ED9E-4120-B787-B8300AEE2EB0}.Release|x64.ActiveCfg = Release|Any CPU
		{5FF5C138-ED9E-4120-B787-B8300AEE2EB0}.Release|x64.Build.0 = Release|Any CPU
		{5FF5C138-ED9E-4120-B787-B8300AEE2EB0}.Release|x86.ActiveCfg = Release|Any CPU
		{5FF5C138-ED9E-4120-B787-B8300AEE2EB0}.Release|x86.Build.0 = Release|Any CPU
	EndGlobalSection
	GlobalSection(SolutionProperties) = preSolution
		HideSolutionNode = FALSE
	EndGlobalSection
	GlobalSection(ExtensibilityGlobals) = postSolution
		SolutionGuid = {2EDB922E-1648-4CA6-A09B-7490A03C4BCF}
	EndGlobalSection
EndGlobal
